
Microsoft Visual Studio Solution File, Format Version 12.00
# Visual Studio Version 16
VisualStudioVersion = 16.0.33529.622
MinimumVisualStudioVersion = 10.0.40219.1
Project("{8BC9CEB8-8B4A-11D0-8D11-00A0C91BC942}") = "Hashing", "Hashing.vcxproj", "{28BC10D1-39E4-4FC6-A0F1-9AD55E024092}"
EndProject
Global
	GlobalSection(SolutionConfigurationPlatforms) = preSolution
		Debug|x64 = Debug|x64
		Debug|x86 = Debug|x86
		Release|x64 = Release|x64
		Release|x86 = Release|x86
	EndGlobalSection
	GlobalSection(ProjectConfigurationPlatforms) = postSolution
		{28BC10D1-39E4-4FC6-A0F1-9AD55E024092}.Debug|x64.ActiveCfg = Debug|x64
		{28BC10D1-39E4-4FC6-A0F1-9AD55E024092}.Debug|x64.Build.0 = Debug|x64
		{28BC10D1-39E4-4FC6-A0F1-9AD55E024092}.Debug|x86.ActiveCfg = Debug|Win32
		{28BC10D1-39E4-4FC6-A0F1-9AD55E024092}.Debug|x86.Build.0 = Debug|Win32
		{28BC10D1-39E4-4FC6-A0F1-9AD55E024092}.Release|x64.ActiveCfg = Release|x64
		{28BC10D1-39E4-4FC6-A0F1-9AD55E024092}.Release|x64.Build.0 = Release|x64
		{28BC10D1-39E4-4FC6-A0F1-9AD55E024092}.Release|x86.ActiveCfg = Release|Win32
		{28BC10D1-39E4-4FC6-A0F1-9AD55E024092}.Release|x86.Build.0 = Release|Win32
	EndGlobalSection
	GlobalSection(SolutionProperties) = preSolution
		HideSolutionNode = FALSE
	EndGlobalSection
	GlobalSection(ExtensibilityGlobals) = postSolution
		SolutionGuid = {FA9094A4-CCC9-4F9C-B497-CB553FE7F5A1}
	EndGlobalSection
EndGlobal
